
Microsoft Visual Studio Solution File, Format Version 12.00
# Visual Studio Version 17
VisualStudioVersion = 17.2.32505.173
MinimumVisualStudioVersion = 10.0.40219.1
Project("{FAE04EC0-301F-11D3-BF4B-00C04F79EFBC}") = "Simple", "Simple\Simple.csproj", "{A947FA6F-2468-4800-9C34-CBD9969FEF96}"
EndProject
Project("{FAE04EC0-301F-11D3-BF4B-00C04F79EFBC}") = "Core", "Core\Core.csproj", "{9CAAD4BA-03AE-46D8-97CA-2CAB67FE6472}"
EndProject
Project("{FAE04EC0-301F-11D3-BF4B-00C04F79EFBC}") = "Interface", "Interface\Interface.csproj", "{419A2EFF-2EC7-4509-A831-78CB20B6552F}"
EndProject
Project("{FAE04EC0-301F-11D3-BF4B-00C04F79EFBC}") = "Service", "Service\Service.csproj", "{172C978A-779F-454F-B052-14C48FE45302}"
EndProject
Project("{FAE04EC0-301F-11D3-BF4B-00C04F79EFBC}") = "Model", "Model\Model.csproj", "{781EDB23-2AA2-4E39-8828-4090836752DA}"
EndProject
Global
	GlobalSection(SolutionConfigurationPlatforms) = preSolution
		Debug|Any CPU = Debug|Any CPU
		Release|Any CPU = Release|Any CPU
	EndGlobalSection
	GlobalSection(ProjectConfigurationPlatforms) = postSolution
		{A947FA6F-2468-4800-9C34-CBD9969FEF96}.Debug|Any CPU.ActiveCfg = Debug|Any CPU
		{A947FA6F-2468-4800-9C34-CBD9969FEF96}.Debug|Any CPU.Build.0 = Debug|Any CPU
		{A947FA6F-2468-4800-9C34-CBD9969FEF96}.Release|Any CPU.ActiveCfg = Release|Any CPU
		{A947FA6F-2468-4800-9C34-CBD9969FEF96}.Release|Any CPU.Build.0 = Release|Any CPU
		{9CAAD4BA-03AE-46D8-97CA-2CAB67FE6472}.Debug|Any CPU.ActiveCfg = Debug|Any CPU
		{9CAAD4BA-03AE-46D8-97CA-2CAB67FE6472}.Debug|Any CPU.Build.0 = Debug|Any CPU
		{9CAAD4BA-03AE-46D8-97CA-2CAB67FE6472}.Release|Any CPU.ActiveCfg = Release|Any CPU
		{9CAAD4BA-03AE-46D8-97CA-2CAB67FE6472}.Release|Any CPU.Build.0 = Release|Any CPU
		{419A2EFF-2EC7-4509-A831-78CB20B6552F}.Debug|Any CPU.ActiveCfg = Debug|Any CPU
		{419A2EFF-2EC7-4509-A831-78CB20B6552F}.Debug|Any CPU.Build.0 = Debug|Any CPU
		{419A2EFF-2EC7-4509-A831-78CB20B6552F}.Release|Any CPU.ActiveCfg = Release|Any CPU
		{419A2EFF-2EC7-4509-A831-78CB20B6552F}.Release|Any CPU.Build.0 = Release|Any CPU
		{172C978A-779F-454F-B052-14C48FE45302}.Debug|Any CPU.ActiveCfg = Debug|Any CPU
		{172C978A-779F-454F-B052-14C48FE45302}.Debug|Any CPU.Build.0 = Debug|Any CPU
		{172C978A-779F-454F-B052-14C48FE45302}.Release|Any CPU.ActiveCfg = Release|Any CPU
		{172C978A-779F-454F-B052-14C48FE45302}.Release|Any CPU.Build.0 = Release|Any CPU
		{781EDB23-2AA2-4E39-8828-4090836752DA}.Debug|Any CPU.ActiveCfg = Debug|Any CPU
		{781EDB23-2AA2-4E39-8828-4090836752DA}.Debug|Any CPU.Build.0 = Debug|Any CPU
		{781EDB23-2AA2-4E39-8828-4090836752DA}.Release|Any CPU.ActiveCfg = Release|Any CPU
		{781EDB23-2AA2-4E39-8828-4090836752DA}.Release|Any CPU.Build.0 = Release|Any CPU
	EndGlobalSection
	GlobalSection(SolutionProperties) = preSolution
		HideSolutionNode = FALSE
	EndGlobalSection
	GlobalSection(ExtensibilityGlobals) = postSolution
		SolutionGuid = {D0B45463-9381-49AD-BFB3-C842BDF339DF}
	EndGlobalSection
EndGlobal
